
Microsoft Visual Studio Solution File, Format Version 12.00
# Visual Studio Version 16
VisualStudioVersion = 16.0.33529.622
MinimumVisualStudioVersion = 10.0.40219.1
Project("{9A19103F-16F7-4668-BE54-9A1E7A4F7556}") = "WeatherApp", "WeatherApp.csproj", "{B9D4E7FD-E394-4F0C-B9BF-2BACC112F251}"
EndProject
Global
	GlobalSection(SolutionConfigurationPlatforms) = preSolution
		Debug|Any CPU = Debug|Any CPU
		Release|Any CPU = Release|Any CPU
	EndGlobalSection
	GlobalSection(ProjectConfigurationPlatforms) = postSolution
		{B9D4E7FD-E394-4F0C-B9BF-2BACC112F251}.Debug|Any CPU.ActiveCfg = Debug|Any CPU
		{B9D4E7FD-E394-4F0C-B9BF-2BACC112F251}.Debug|Any CPU.Build.0 = Debug|Any CPU
		{B9D4E7FD-E394-4F0C-B9BF-2BACC112F251}.Release|Any CPU.ActiveCfg = Release|Any CPU
		{B9D4E7FD-E394-4F0C-B9BF-2BACC112F251}.Release|Any CPU.Build.0 = Release|Any CPU
	EndGlobalSection
	GlobalSection(SolutionProperties) = preSolution
		HideSolutionNode = FALSE
	EndGlobalSection
	GlobalSection(ExtensibilityGlobals) = postSolution
		SolutionGuid = {4CC56050-A15F-4587-95A3-3382726171E7}
	EndGlobalSection
EndGlobal
